
Microsoft Visual Studio Solution File, Format Version 12.00
# Visual Studio Version 17
VisualStudioVersion = 17.5.33530.505
MinimumVisualStudioVersion = 10.0.40219.1
Project("{8BC9CEB8-8B4A-11D0-8D11-00A0C91BC942}") = "XboxSDL", "XboxSDL\XboxSDL.vcxproj", "{EB115BBF-DE9E-455B-80DE-4FB8847107CC}"
EndProject
Project("{8BC9CEB8-8B4A-11D0-8D11-00A0C91BC942}") = "SDL2-UWP", "sdl-sln\SDL\VisualC-WinRT\SDL-UWP.vcxproj", "{89E9B32E-A86A-47C3-A948-D2B1622925CE}"
EndProject
Project("{8BC9CEB8-8B4A-11D0-8D11-00A0C91BC942}") = "SDL2_mixer-UWP", "sdl-sln\SDL_mixer\VisualC-WinRT\SDL_mixer-UWP.vcxproj", "{E126C48A-CA02-4A84-8AEB-AC51ED0F98BA}"
EndProject
Project("{8BC9CEB8-8B4A-11D0-8D11-00A0C91BC942}") = "SDL2_ttf-UWP", "sdl-sln\SDL_ttf\VisualC-WinRT\SDL_ttf-UWP.vcxproj", "{18665277-E558-4484-93F4-E4DC7BB614CB}"
EndProject
Global
	GlobalSection(SolutionConfigurationPlatforms) = preSolution
		Debug|ARM = Debug|ARM
		Debug|ARM64 = Debug|ARM64
		Debug|x64 = Debug|x64
		Debug|x86 = Debug|x86
		Release|ARM = Release|ARM
		Release|ARM64 = Release|ARM64
		Release|x64 = Release|x64
		Release|x86 = Release|x86
	EndGlobalSection
	GlobalSection(ProjectConfigurationPlatforms) = postSolution
		{EB115BBF-DE9E-455B-80DE-4FB8847107CC}.Debug|ARM.ActiveCfg = Debug|ARM
		{EB115BBF-DE9E-455B-80DE-4FB8847107CC}.Debug|ARM.Build.0 = Debug|ARM
		{EB115BBF-DE9E-455B-80DE-4FB8847107CC}.Debug|ARM.Deploy.0 = Debug|ARM
		{EB115BBF-DE9E-455B-80DE-4FB8847107CC}.Debug|ARM64.ActiveCfg = Debug|ARM64
		{EB115BBF-DE9E-455B-80DE-4FB8847107CC}.Debug|ARM64.Build.0 = Debug|ARM64
		{EB115BBF-DE9E-455B-80DE-4FB8847107CC}.Debug|ARM64.Deploy.0 = Debug|ARM64
		{EB115BBF-DE9E-455B-80DE-4FB8847107CC}.Debug|x64.ActiveCfg = Debug|x64
		{EB115BBF-DE9E-455B-80DE-4FB8847107CC}.Debug|x64.Build.0 = Debug|x64
		{EB115BBF-DE9E-455B-80DE-4FB8847107CC}.Debug|x64.Deploy.0 = Debug|x64
		{EB115BBF-DE9E-455B-80DE-4FB8847107CC}.Debug|x86.ActiveCfg = Debug|Win32
		{EB115BBF-DE9E-455B-80DE-4FB8847107CC}.Debug|x86.Build.0 = Debug|Win32
		{EB115BBF-DE9E-455B-80DE-4FB8847107CC}.Debug|x86.Deploy.0 = Debug|Win32
		{EB115BBF-DE9E-455B-80DE-4FB8847107CC}.Release|ARM.ActiveCfg = Release|ARM
		{EB115BBF-DE9E-455B-80DE-4FB8847107CC}.Release|ARM.Build.0 = Release|ARM
		{EB115BBF-DE9E-455B-80DE-4FB8847107CC}.Release|ARM.Deploy.0 = Release|ARM
		{EB115BBF-DE9E-455B-80DE-4FB8847107CC}.Release|ARM64.ActiveCfg = Release|ARM64
		{EB115BBF-DE9E-455B-80DE-4FB8847107CC}.Release|ARM64.Build.0 = Release|ARM64
		{EB115BBF-DE9E-455B-80DE-4FB8847107CC}.Release|ARM64.Deploy.0 = Release|ARM64
		{EB115BBF-DE9E-455B-80DE-4FB8847107CC}.Release|x64.ActiveCfg = Release|x64
		{EB115BBF-DE9E-455B-80DE-4FB8847107CC}.Release|x64.Build.0 = Release|x64
		{EB115BBF-DE9E-455B-80DE-4FB8847107CC}.Release|x64.Deploy.0 = Release|x64
		{EB115BBF-DE9E-455B-80DE-4FB8847107CC}.Release|x86.ActiveCfg = Release|Win32
		{EB115BBF-DE9E-455B-80DE-4FB8847107CC}.Release|x86.Build.0 = Release|Win32
		{EB115BBF-DE9E-455B-80DE-4FB8847107CC}.Release|x86.Deploy.0 = Release|Win32
		{89E9B32E-A86A-47C3-A948-D2B1622925CE}.Debug|ARM.ActiveCfg = Debug|ARM
		{89E9B32E-A86A-47C3-A948-D2B1622925CE}.Debug|ARM.Build.0 = Debug|ARM
		{89E9B32E-A86A-47C3-A948-D2B1622925CE}.Debug|ARM64.ActiveCfg = Debug|ARM64
		{89E9B32E-A86A-47C3-A948-D2B1622925CE}.Debug|ARM64.Build.0 = Debug|ARM64
		{89E9B32E-A86A-47C3-A948-D2B1622925CE}.Debug|x64.ActiveCfg = Debug|x64
		{89E9B32E-A86A-47C3-A948-D2B1622925CE}.Debug|x64.Build.0 = Debug|x64
		{89E9B32E-A86A-47C3-A948-D2B1622925CE}.Debug|x86.ActiveCfg = Debug|Win32
		{89E9B32E-A86A-47C3-A948-D2B1622925CE}.Debug|x86.Build.0 = Debug|Win32
		{89E9B32E-A86A-47C3-A948-D2B1622925CE}.Release|ARM.ActiveCfg = Release|ARM
		{89E9B32E-A86A-47C3-A948-D2B1622925CE}.Release|ARM.Build.0 = Release|ARM
		{89E9B32E-A86A-47C3-A948-D2B1622925CE}.Release|ARM64.ActiveCfg = Release|ARM64
		{89E9B32E-A86A-47C3-A948-D2B1622925CE}.Release|ARM64.Build.0 = Release|ARM64
		{89E9B32E-A86A-47C3-A948-D2B1622925CE}.Release|x64.ActiveCfg = Release|x64
		{89E9B32E-A86A-47C3-A948-D2B1622925CE}.Release|x64.Build.0 = Release|x64
		{89E9B32E-A86A-47C3-A948-D2B1622925CE}.Release|x86.ActiveCfg = Release|Win32
		{89E9B32E-A86A-47C3-A948-D2B1622925CE}.Release|x86.Build.0 = Release|Win32
		{E126C48A-CA02-4A84-8AEB-AC51ED0F98BA}.Debug|ARM.ActiveCfg = Debug|ARM
		{E126C48A-CA02-4A84-8AEB-AC51ED0F98BA}.Debug|ARM.Build.0 = Debug|ARM
		{E126C48A-CA02-4A84-8AEB-AC51ED0F98BA}.Debug|ARM64.ActiveCfg = Debug|x64
		{E126C48A-CA02-4A84-8AEB-AC51ED0F98BA}.Debug|ARM64.Build.0 = Debug|x64
		{E126C48A-CA02-4A84-8AEB-AC51ED0F98BA}.Debug|x64.ActiveCfg = Debug|x64
		{E126C48A-CA02-4A84-8AEB-AC51ED0F98BA}.Debug|x64.Build.0 = Debug|x64
		{E126C48A-CA02-4A84-8AEB-AC51ED0F98BA}.Debug|x86.ActiveCfg = Debug|Win32
		{E126C48A-CA02-4A84-8AEB-AC51ED0F98BA}.Debug|x86.Build.0 = Debug|Win32
		{E126C48A-CA02-4A84-8AEB-AC51ED0F98BA}.Release|ARM.ActiveCfg = Release|ARM
		{E126C48A-CA02-4A84-8AEB-AC51ED0F98BA}.Release|ARM.Build.0 = Release|ARM
		{E126C48A-CA02-4A84-8AEB-AC51ED0F98BA}.Release|ARM64.ActiveCfg = Release|x64
		{E126C48A-CA02-4A84-8AEB-AC51ED0F98BA}.Release|ARM64.Build.0 = Release|x64
		{E126C48A-CA02-4A84-8AEB-AC51ED0F98BA}.Release|x64.ActiveCfg = Release|x64
		{E126C48A-CA02-4A84-8AEB-AC51ED0F98BA}.Release|x64.Build.0 = Release|x64
		{E126C48A-CA02-4A84-8AEB-AC51ED0F98BA}.Release|x86.ActiveCfg = Release|Win32
		{E126C48A-CA02-4A84-8AEB-AC51ED0F98BA}.Release|x86.Build.0 = Release|Win32
		{18665277-E558-4484-93F4-E4DC7BB614CB}.Debug|ARM.ActiveCfg = Debug|ARM
		{18665277-E558-4484-93F4-E4DC7BB614CB}.Debug|ARM.Build.0 = Debug|ARM
		{18665277-E558-4484-93F4-E4DC7BB614CB}.Debug|ARM64.ActiveCfg = Debug|x64
		{18665277-E558-4484-93F4-E4DC7BB614CB}.Debug|ARM64.Build.0 = Debug|x64
		{18665277-E558-4484-93F4-E4DC7BB614CB}.Debug|x64.ActiveCfg = Debug|x64
		{18665277-E558-4484-93F4-E4DC7BB614CB}.Debug|x64.Build.0 = Debug|x64
		{18665277-E558-4484-93F4-E4DC7BB614CB}.Debug|x86.ActiveCfg = Debug|Win32
		{18665277-E558-4484-93F4-E4DC7BB614CB}.Debug|x86.Build.0 = Debug|Win32
		{18665277-E558-4484-93F4-E4DC7BB614CB}.Release|ARM.ActiveCfg = Release|ARM
		{18665277-E558-4484-93F4-E4DC7BB614CB}.Release|ARM.Build.0 = Release|ARM
		{18665277-E558-4484-93F4-E4DC7BB614CB}.Release|ARM64.ActiveCfg = Release|x64
		{18665277-E558-4484-93F4-E4DC7BB614CB}.Release|ARM64.Build.0 = Release|x64
		{18665277-E558-4484-93F4-E4DC7BB614CB}.Release|x64.ActiveCfg = Release|x64
		{18665277-E558-4484-93F4-E4DC7BB614CB}.Release|x64.Build.0 = Release|x64
		{18665277-E558-4484-93F4-E4DC7BB614CB}.Release|x86.ActiveCfg = Release|Win32
		{18665277-E558-4484-93F4-E4DC7BB614CB}.Release|x86.Build.0 = Release|Win32
	EndGlobalSection
	GlobalSection(SolutionProperties) = preSolution
		HideSolutionNode = FALSE
	EndGlobalSection
	GlobalSection(ExtensibilityGlobals) = postSolution
		SolutionGuid = {DAFED375-D3B9-4294-A041-19A4DD4F2B5B}
	EndGlobalSection
EndGlobal
