// !$*UTF8*$!
{
	archiveVersion = 1;
	classes = {
	};
	objectVersion = 46;
	objects = {

/* Begin PBXBuildFile section */
		85AA665E29F2B9420054E2CE /* Assets.xcassets in Resources */ = {isa = PBXBuildFile; fileRef = 85AA665D29F2B9420054E2CE /* Assets.xcassets */; };
		85AA672629F2BAAF0054E2CE /* config.xcconfig in Resources */ = {isa = PBXBuildFile; fileRef = F3C17D9F28E437C300E1A26D /* config.xcconfig */; };
		85AA675629F2ECE10054E2CE /* shared.cpp in Sources */ = {isa = PBXBuildFile; fileRef = 85AA675029F2ECE10054E2CE /* shared.cpp */; };
		85AA675929F2ECE10054E2CE /* main.cpp in Sources */ = {isa = PBXBuildFile; fileRef = 85AA675329F2ECE10054E2CE /* main.cpp */; };
		85AA67A629F2F16B0054E2CE /* libSDL2.a in Frameworks */ = {isa = PBXBuildFile; fileRef = 85AA677729F2ED8C0054E2CE /* libSDL2.a */; };
		85AA67A729F2F1840054E2CE /* libSDL2_mixer.a in Frameworks */ = {isa = PBXBuildFile; fileRef = 85AA678E29F2ED9E0054E2CE /* libSDL2_mixer.a */; };
		85AA67AA29F2F1AA0054E2CE /* res in Resources */ = {isa = PBXBuildFile; fileRef = 85AA67A929F2F1AA0054E2CE /* res */; };
		85AA67B729F2FC070054E2CE /* libSDL2_ttf.a in Frameworks */ = {isa = PBXBuildFile; fileRef = 85AA67B429F2FBC70054E2CE /* libSDL2_ttf.a */; };
		85AA67CF29F32BE40054E2CE /* iOS Launch Screen.storyboard in Resources */ = {isa = PBXBuildFile; fileRef = FA86C0361D9765BA009CB637 /* iOS Launch Screen.storyboard */; };
		85AA67D029F32C3B0054E2CE /* Icon.png in Resources */ = {isa = PBXBuildFile; fileRef = FD925B180E0F276600E92347 /* Icon.png */; };
/* End PBXBuildFile section */

/* Begin PBXContainerItemProxy section */
		85AA676C29F2ED8C0054E2CE /* PBXContainerItemProxy */ = {
			isa = PBXContainerItemProxy;
			containerPortal = 85AA675E29F2ED8C0054E2CE /* SDL.xcodeproj */;
			proxyType = 2;
			remoteGlobalIDString = BECDF66C0761BA81005FE872;
			remoteInfo = Framework;
		};
		85AA676E29F2ED8C0054E2CE /* PBXContainerItemProxy */ = {
			isa = PBXContainerItemProxy;
			containerPortal = 85AA675E29F2ED8C0054E2CE /* SDL.xcodeproj */;
			proxyType = 2;
			remoteGlobalIDString = A7D88B5423E2437C00DCD162;
			remoteInfo = "Framework-iOS";
		};
		85AA677029F2ED8C0054E2CE /* PBXContainerItemProxy */ = {
			isa = PBXContainerItemProxy;
			containerPortal = 85AA675E29F2ED8C0054E2CE /* SDL.xcodeproj */;
			proxyType = 2;
			remoteGlobalIDString = A7D88D1523E24BED00DCD162;
			remoteInfo = "Framework-tvOS";
		};
		85AA677229F2ED8C0054E2CE /* PBXContainerItemProxy */ = {
			isa = PBXContainerItemProxy;
			containerPortal = 85AA675E29F2ED8C0054E2CE /* SDL.xcodeproj */;
			proxyType = 2;
			remoteGlobalIDString = E2D187CF28A5673500D2B4F1;
			remoteInfo = "xcFramework-iOS";
		};
		85AA677429F2ED8C0054E2CE /* PBXContainerItemProxy */ = {
			isa = PBXContainerItemProxy;
			containerPortal = 85AA675E29F2ED8C0054E2CE /* SDL.xcodeproj */;
			proxyType = 2;
			remoteGlobalIDString = BECDF6B30761BA81005FE872;
			remoteInfo = "Static Library";
		};
		85AA677629F2ED8C0054E2CE /* PBXContainerItemProxy */ = {
			isa = PBXContainerItemProxy;
			containerPortal = 85AA675E29F2ED8C0054E2CE /* SDL.xcodeproj */;
			proxyType = 2;
			remoteGlobalIDString = A7D88E5423E24D3B00DCD162;
			remoteInfo = "Static Library-iOS";
		};
		85AA677829F2ED8C0054E2CE /* PBXContainerItemProxy */ = {
			isa = PBXContainerItemProxy;
			containerPortal = 85AA675E29F2ED8C0054E2CE /* SDL.xcodeproj */;
			proxyType = 2;
			remoteGlobalIDString = A769B23D23E259AE00872273;
			remoteInfo = "Static Library-tvOS";
		};
		85AA677A29F2ED8C0054E2CE /* PBXContainerItemProxy */ = {
			isa = PBXContainerItemProxy;
			containerPortal = 85AA675E29F2ED8C0054E2CE /* SDL.xcodeproj */;
			proxyType = 2;
			remoteGlobalIDString = DB31407717554B71006C0E22;
			remoteInfo = "Shared Library";
		};
		85AA677C29F2ED8C0054E2CE /* PBXContainerItemProxy */ = {
			isa = PBXContainerItemProxy;
			containerPortal = 85AA675E29F2ED8C0054E2CE /* SDL.xcodeproj */;
			proxyType = 2;
			remoteGlobalIDString = A75FCEB323E25AB700529352;
			remoteInfo = "Shared Library-iOS";
		};
		85AA677E29F2ED8C0054E2CE /* PBXContainerItemProxy */ = {
			isa = PBXContainerItemProxy;
			containerPortal = 85AA675E29F2ED8C0054E2CE /* SDL.xcodeproj */;
			proxyType = 2;
			remoteGlobalIDString = A75FD06C23E25AC700529352;
			remoteInfo = "Shared Library-tvOS";
		};
		85AA678029F2ED8C0054E2CE /* PBXContainerItemProxy */ = {
			isa = PBXContainerItemProxy;
			containerPortal = 85AA675E29F2ED8C0054E2CE /* SDL.xcodeproj */;
			proxyType = 2;
			remoteGlobalIDString = BECDF6BE0761BA81005FE872;
			remoteInfo = "Standard DMG";
		};
		85AA678B29F2ED9E0054E2CE /* PBXContainerItemProxy */ = {
			isa = PBXContainerItemProxy;
			containerPortal = 85AA678229F2ED9E0054E2CE /* SDL_mixer.xcodeproj */;
			proxyType = 2;
			remoteGlobalIDString = BE1FA90607AF96B2004B6283;
			remoteInfo = Framework;
		};
		85AA678D29F2ED9E0054E2CE /* PBXContainerItemProxy */ = {
			isa = PBXContainerItemProxy;
			containerPortal = 85AA678229F2ED9E0054E2CE /* SDL_mixer.xcodeproj */;
			proxyType = 2;
			remoteGlobalIDString = BE1FA95407AF96B2004B6283;
			remoteInfo = "Static Library";
		};
		85AA678F29F2ED9E0054E2CE /* PBXContainerItemProxy */ = {
			isa = PBXContainerItemProxy;
			containerPortal = 85AA678229F2ED9E0054E2CE /* SDL_mixer.xcodeproj */;
			proxyType = 2;
			remoteGlobalIDString = BE1FA95807AF96B3004B6283;
			remoteInfo = "Create DMG";
		};
		85AA67B129F2FBC70054E2CE /* PBXContainerItemProxy */ = {
			isa = PBXContainerItemProxy;
			containerPortal = 85AA67AB29F2FBC70054E2CE /* SDL_ttf.xcodeproj */;
			proxyType = 2;
			remoteGlobalIDString = BE48FD6707AFA17000BB41DA;
			remoteInfo = Framework;
		};
		85AA67B329F2FBC70054E2CE /* PBXContainerItemProxy */ = {
			isa = PBXContainerItemProxy;
			containerPortal = 85AA67AB29F2FBC70054E2CE /* SDL_ttf.xcodeproj */;
			proxyType = 2;
			remoteGlobalIDString = BE48FD6E07AFA17000BB41DA;
			remoteInfo = "Static Library";
		};
		85AA67B529F2FBC70054E2CE /* PBXContainerItemProxy */ = {
			isa = PBXContainerItemProxy;
			containerPortal = 85AA67AB29F2FBC70054E2CE /* SDL_ttf.xcodeproj */;
			proxyType = 2;
			remoteGlobalIDString = BE48FD7207AFA17000BB41DA;
			remoteInfo = "Create DMG";
		};
/* End PBXContainerItemProxy section */

/* Begin PBXFileReference section */
		85AA664C29F2B9400054E2CE /* SharkShark.app */ = {isa = PBXFileReference; explicitFileType = wrapper.application; includeInIndex = 0; path = SharkShark.app; sourceTree = BUILT_PRODUCTS_DIR; };
		85AA665D29F2B9420054E2CE /* Assets.xcassets */ = {isa = PBXFileReference; lastKnownFileType = folder.assetcatalog; path = Assets.xcassets; sourceTree = "<group>"; };
		85AA675029F2ECE10054E2CE /* shared.cpp */ = {isa = PBXFileReference; fileEncoding = 4; lastKnownFileType = sourcecode.cpp.cpp; name = shared.cpp; path = ../../game/shared.cpp; sourceTree = "<group>"; };
		85AA675129F2ECE10054E2CE /* common.hpp */ = {isa = PBXFileReference; fileEncoding = 4; lastKnownFileType = sourcecode.cpp.h; name = common.hpp; path = ../../game/common.hpp; sourceTree = "<group>"; };
		85AA675229F2ECE10054E2CE /* shared.hpp */ = {isa = PBXFileReference; fileEncoding = 4; lastKnownFileType = sourcecode.cpp.h; name = shared.hpp; path = ../../game/shared.hpp; sourceTree = "<group>"; };
		85AA675329F2ECE10054E2CE /* main.cpp */ = {isa = PBXFileReference; fileEncoding = 4; lastKnownFileType = sourcecode.cpp.cpp; name = main.cpp; path = ../../game/main.cpp; sourceTree = "<group>"; };
		85AA675E29F2ED8C0054E2CE /* SDL.xcodeproj */ = {isa = PBXFileReference; lastKnownFileType = "wrapper.pb-project"; name = SDL.xcodeproj; path = ../libs/SDL/Xcode/SDL/SDL.xcodeproj; sourceTree = "<group>"; };
		85AA678229F2ED9E0054E2CE /* SDL_mixer.xcodeproj */ = {isa = PBXFileReference; lastKnownFileType = "wrapper.pb-project"; name = SDL_mixer.xcodeproj; path = ../libs/SDL_mixer/Xcode/SDL_mixer.xcodeproj; sourceTree = "<group>"; };
		85AA67A929F2F1AA0054E2CE /* res */ = {isa = PBXFileReference; lastKnownFileType = folder; name = res; path = ../../game/res; sourceTree = "<group>"; };
		85AA67AB29F2FBC70054E2CE /* SDL_ttf.xcodeproj */ = {isa = PBXFileReference; lastKnownFileType = "wrapper.pb-project"; name = SDL_ttf.xcodeproj; path = ../libs/SDL_ttf/Xcode/SDL_ttf.xcodeproj; sourceTree = "<group>"; };
		F3C17D9F28E437C300E1A26D /* config.xcconfig */ = {isa = PBXFileReference; lastKnownFileType = text.xcconfig; path = config.xcconfig; sourceTree = "<group>"; };
		FA86C0361D9765BA009CB637 /* iOS Launch Screen.storyboard */ = {isa = PBXFileReference; fileEncoding = 4; lastKnownFileType = file.storyboard; path = "iOS Launch Screen.storyboard"; sourceTree = "<group>"; };
		FD787AA00E22A5CC003E8E36 /* Default.png */ = {isa = PBXFileReference; lastKnownFileType = image.png; path = Default.png; sourceTree = "<group>"; };
		FD925B180E0F276600E92347 /* Icon.png */ = {isa = PBXFileReference; lastKnownFileType = image.png; path = Icon.png; sourceTree = "<group>"; };
/* End PBXFileReference section */

/* Begin PBXFrameworksBuildPhase section */
		85AA664929F2B9400054E2CE /* Frameworks */ = {
			isa = PBXFrameworksBuildPhase;
			buildActionMask = 2147483647;
			files = (
				85AA67A629F2F16B0054E2CE /* libSDL2.a in Frameworks */,
				85AA67B729F2FC070054E2CE /* libSDL2_ttf.a in Frameworks */,
				85AA67A729F2F1840054E2CE /* libSDL2_mixer.a in Frameworks */,
			);
			runOnlyForDeploymentPostprocessing = 0;
		};
/* End PBXFrameworksBuildPhase section */

/* Begin PBXGroup section */
		19C28FACFE9D520D11CA2CBB /* Products */ = {
			isa = PBXGroup;
			children = (
				85AA664C29F2B9400054E2CE /* SharkShark.app */,
			);
			name = Products;
			sourceTree = "<group>";
		};
		29B97314FDCFA39411CA2CEA /* CustomTemplate */ = {
			isa = PBXGroup;
			children = (
				85AA67A929F2F1AA0054E2CE /* res */,
				85AA67AB29F2FBC70054E2CE /* SDL_ttf.xcodeproj */,
				85AA678229F2ED9E0054E2CE /* SDL_mixer.xcodeproj */,
				85AA675E29F2ED8C0054E2CE /* SDL.xcodeproj */,
				85AA675129F2ECE10054E2CE /* common.hpp */,
				85AA675329F2ECE10054E2CE /* main.cpp */,
				85AA675029F2ECE10054E2CE /* shared.cpp */,
				85AA675229F2ECE10054E2CE /* shared.hpp */,
				F3C17D9F28E437C300E1A26D /* config.xcconfig */,
				FA86C0361D9765BA009CB637 /* iOS Launch Screen.storyboard */,
				29B97317FDCFA39411CA2CEA /* Resources */,
				85AA664D29F2B9410054E2CE /* SharkShark */,
				19C28FACFE9D520D11CA2CBB /* Products */,
				85AA672729F2BBD60054E2CE /* Frameworks */,
			);
			name = CustomTemplate;
			sourceTree = "<group>";
		};
		29B97317FDCFA39411CA2CEA /* Resources */ = {
			isa = PBXGroup;
			children = (
				FD787AA00E22A5CC003E8E36 /* Default.png */,
				FD925B180E0F276600E92347 /* Icon.png */,
			);
			name = Resources;
			sourceTree = "<group>";
		};
		85AA664D29F2B9410054E2CE /* SharkShark */ = {
			isa = PBXGroup;
			children = (
				85AA665D29F2B9420054E2CE /* Assets.xcassets */,
			);
			path = SharkShark;
			sourceTree = "<group>";
		};
		85AA672729F2BBD60054E2CE /* Frameworks */ = {
			isa = PBXGroup;
			children = (
			);
			name = Frameworks;
			sourceTree = "<group>";
		};
		85AA675F29F2ED8C0054E2CE /* Products */ = {
			isa = PBXGroup;
			children = (
				85AA676D29F2ED8C0054E2CE /* SDL2.framework */,
				85AA676F29F2ED8C0054E2CE /* SDL2.framework */,
				85AA677129F2ED8C0054E2CE /* SDL2.framework */,
				85AA677329F2ED8C0054E2CE /* SDL2.framework */,
				85AA677529F2ED8C0054E2CE /* libSDL2.a */,
				85AA677729F2ED8C0054E2CE /* libSDL2.a */,
				85AA677929F2ED8C0054E2CE /* libSDL2.a */,
				85AA677B29F2ED8C0054E2CE /* libSDL2.dylib */,
				85AA677D29F2ED8C0054E2CE /* libSDL2.dylib */,
				85AA677F29F2ED8C0054E2CE /* libSDL2.dylib */,
				85AA678129F2ED8C0054E2CE /* SDL2 */,
			);
			name = Products;
			sourceTree = "<group>";
		};
		85AA678329F2ED9E0054E2CE /* Products */ = {
			isa = PBXGroup;
			children = (
				85AA678C29F2ED9E0054E2CE /* SDL2_mixer.framework */,
				85AA678E29F2ED9E0054E2CE /* libSDL2_mixer.a */,
				85AA679029F2ED9E0054E2CE /* Create DMG */,
			);
			name = Products;
			sourceTree = "<group>";
		};
		85AA67AC29F2FBC70054E2CE /* Products */ = {
			isa = PBXGroup;
			children = (
				85AA67B229F2FBC70054E2CE /* SDL2_ttf.framework */,
				85AA67B429F2FBC70054E2CE /* libSDL2_ttf.a */,
				85AA67B629F2FBC70054E2CE /* Create DMG */,
			);
			name = Products;
			sourceTree = "<group>";
		};
/* End PBXGroup section */

/* Begin PBXNativeTarget section */
		85AA664B29F2B9400054E2CE /* SharkShark */ = {
			isa = PBXNativeTarget;
			buildConfigurationList = 85AA667A29F2B9430054E2CE /* Build configuration list for PBXNativeTarget "SharkShark" */;
			buildPhases = (
				85AA664829F2B9400054E2CE /* Sources */,
				85AA664929F2B9400054E2CE /* Frameworks */,
				85AA664A29F2B9400054E2CE /* Resources */,
			);
			buildRules = (
			);
			dependencies = (
			);
			name = SharkShark;
			productName = SharkShark;
			productReference = 85AA664C29F2B9400054E2CE /* SharkShark.app */;
			productType = "com.apple.product-type.application";
		};
/* End PBXNativeTarget section */

/* Begin PBXProject section */
		29B97313FDCFA39411CA2CEA /* Project object */ = {
			isa = PBXProject;
			attributes = {
				LastUpgradeCheck = 0630;
				TargetAttributes = {
					85AA664B29F2B9400054E2CE = {
						CreatedOnToolsVersion = 14.3;
						DevelopmentTeam = 9ELVK5QPKF;
						ProvisioningStyle = Automatic;
					};
				};
			};
			buildConfigurationList = C01FCF4E08A954540054247B /* Build configuration list for PBXProject "project" */;
			compatibilityVersion = "Xcode 3.2";
			developmentRegion = English;
			hasScannedForEncodings = 1;
			knownRegions = (
				English,
				Japanese,
				French,
				German,
				Base,
			);
			mainGroup = 29B97314FDCFA39411CA2CEA /* CustomTemplate */;
			projectDirPath = "";
			projectReferences = (
				{
					ProductGroup = 85AA675F29F2ED8C0054E2CE /* Products */;
					ProjectRef = 85AA675E29F2ED8C0054E2CE /* SDL.xcodeproj */;
				},
				{
					ProductGroup = 85AA678329F2ED9E0054E2CE /* Products */;
					ProjectRef = 85AA678229F2ED9E0054E2CE /* SDL_mixer.xcodeproj */;
				},
				{
					ProductGroup = 85AA67AC29F2FBC70054E2CE /* Products */;
					ProjectRef = 85AA67AB29F2FBC70054E2CE /* SDL_ttf.xcodeproj */;
				},
			);
			projectRoot = "";
			targets = (
				85AA664B29F2B9400054E2CE /* SharkShark */,
			);
		};
/* End PBXProject section */

/* Begin PBXReferenceProxy section */
		85AA676D29F2ED8C0054E2CE /* SDL2.framework */ = {
			isa = PBXReferenceProxy;
			fileType = wrapper.framework;
			path = SDL2.framework;
			remoteRef = 85AA676C29F2ED8C0054E2CE /* PBXContainerItemProxy */;
			sourceTree = BUILT_PRODUCTS_DIR;
		};
		85AA676F29F2ED8C0054E2CE /* SDL2.framework */ = {
			isa = PBXReferenceProxy;
			fileType = wrapper.framework;
			path = SDL2.framework;
			remoteRef = 85AA676E29F2ED8C0054E2CE /* PBXContainerItemProxy */;
			sourceTree = BUILT_PRODUCTS_DIR;
		};
		85AA677129F2ED8C0054E2CE /* SDL2.framework */ = {
			isa = PBXReferenceProxy;
			fileType = wrapper.framework;
			path = SDL2.framework;
			remoteRef = 85AA677029F2ED8C0054E2CE /* PBXContainerItemProxy */;
			sourceTree = BUILT_PRODUCTS_DIR;
		};
		85AA677329F2ED8C0054E2CE /* SDL2.framework */ = {
			isa = PBXReferenceProxy;
			fileType = wrapper.framework;
			path = SDL2.framework;
			remoteRef = 85AA677229F2ED8C0054E2CE /* PBXContainerItemProxy */;
			sourceTree = BUILT_PRODUCTS_DIR;
		};
		85AA677529F2ED8C0054E2CE /* libSDL2.a */ = {
			isa = PBXReferenceProxy;
			fileType = archive.ar;
			path = libSDL2.a;
			remoteRef = 85AA677429F2ED8C0054E2CE /* PBXContainerItemProxy */;
			sourceTree = BUILT_PRODUCTS_DIR;
		};
		85AA677729F2ED8C0054E2CE /* libSDL2.a */ = {
			isa = PBXReferenceProxy;
			fileType = archive.ar;
			path = libSDL2.a;
			remoteRef = 85AA677629F2ED8C0054E2CE /* PBXContainerItemProxy */;
			sourceTree = BUILT_PRODUCTS_DIR;
		};
		85AA677929F2ED8C0054E2CE /* libSDL2.a */ = {
			isa = PBXReferenceProxy;
			fileType = archive.ar;
			path = libSDL2.a;
			remoteRef = 85AA677829F2ED8C0054E2CE /* PBXContainerItemProxy */;
			sourceTree = BUILT_PRODUCTS_DIR;
		};
		85AA677B29F2ED8C0054E2CE /* libSDL2.dylib */ = {
			isa = PBXReferenceProxy;
			fileType = "compiled.mach-o.dylib";
			path = libSDL2.dylib;
			remoteRef = 85AA677A29F2ED8C0054E2CE /* PBXContainerItemProxy */;
			sourceTree = BUILT_PRODUCTS_DIR;
		};
		85AA677D29F2ED8C0054E2CE /* libSDL2.dylib */ = {
			isa = PBXReferenceProxy;
			fileType = "compiled.mach-o.dylib";
			path = libSDL2.dylib;
			remoteRef = 85AA677C29F2ED8C0054E2CE /* PBXContainerItemProxy */;
			sourceTree = BUILT_PRODUCTS_DIR;
		};
		85AA677F29F2ED8C0054E2CE /* libSDL2.dylib */ = {
			isa = PBXReferenceProxy;
			fileType = "compiled.mach-o.dylib";
			path = libSDL2.dylib;
			remoteRef = 85AA677E29F2ED8C0054E2CE /* PBXContainerItemProxy */;
			sourceTree = BUILT_PRODUCTS_DIR;
		};
		85AA678129F2ED8C0054E2CE /* SDL2 */ = {
			isa = PBXReferenceProxy;
			fileType = "compiled.mach-o.executable";
			path = SDL2;
			remoteRef = 85AA678029F2ED8C0054E2CE /* PBXContainerItemProxy */;
			sourceTree = BUILT_PRODUCTS_DIR;
		};
		85AA678C29F2ED9E0054E2CE /* SDL2_mixer.framework */ = {
			isa = PBXReferenceProxy;
			fileType = wrapper.framework;
			path = SDL2_mixer.framework;
			remoteRef = 85AA678B29F2ED9E0054E2CE /* PBXContainerItemProxy */;
			sourceTree = BUILT_PRODUCTS_DIR;
		};
		85AA678E29F2ED9E0054E2CE /* libSDL2_mixer.a */ = {
			isa = PBXReferenceProxy;
			fileType = archive.ar;
			path = libSDL2_mixer.a;
			remoteRef = 85AA678D29F2ED9E0054E2CE /* PBXContainerItemProxy */;
			sourceTree = BUILT_PRODUCTS_DIR;
		};
		85AA679029F2ED9E0054E2CE /* Create DMG */ = {
			isa = PBXReferenceProxy;
			fileType = "compiled.mach-o.executable";
			path = "Create DMG";
			remoteRef = 85AA678F29F2ED9E0054E2CE /* PBXContainerItemProxy */;
			sourceTree = BUILT_PRODUCTS_DIR;
		};
		85AA67B229F2FBC70054E2CE /* SDL2_ttf.framework */ = {
			isa = PBXReferenceProxy;
			fileType = wrapper.framework;
			path = SDL2_ttf.framework;
			remoteRef = 85AA67B129F2FBC70054E2CE /* PBXContainerItemProxy */;
			sourceTree = BUILT_PRODUCTS_DIR;
		};
		85AA67B429F2FBC70054E2CE /* libSDL2_ttf.a */ = {
			isa = PBXReferenceProxy;
			fileType = archive.ar;
			path = libSDL2_ttf.a;
			remoteRef = 85AA67B329F2FBC70054E2CE /* PBXContainerItemProxy */;
			sourceTree = BUILT_PRODUCTS_DIR;
		};
		85AA67B629F2FBC70054E2CE /* Create DMG */ = {
			isa = PBXReferenceProxy;
			fileType = "compiled.mach-o.executable";
			path = "Create DMG";
			remoteRef = 85AA67B529F2FBC70054E2CE /* PBXContainerItemProxy */;
			sourceTree = BUILT_PRODUCTS_DIR;
		};
/* End PBXReferenceProxy section */

/* Begin PBXResourcesBuildPhase section */
		85AA664A29F2B9400054E2CE /* Resources */ = {
			isa = PBXResourcesBuildPhase;
			buildActionMask = 2147483647;
			files = (
				85AA67D029F32C3B0054E2CE /* Icon.png in Resources */,
				85AA672629F2BAAF0054E2CE /* config.xcconfig in Resources */,
				85AA67CF29F32BE40054E2CE /* iOS Launch Screen.storyboard in Resources */,
				85AA67AA29F2F1AA0054E2CE /* res in Resources */,
				85AA665E29F2B9420054E2CE /* Assets.xcassets in Resources */,
			);
			runOnlyForDeploymentPostprocessing = 0;
		};
/* End PBXResourcesBuildPhase section */

/* Begin PBXSourcesBuildPhase section */
		85AA664829F2B9400054E2CE /* Sources */ = {
			isa = PBXSourcesBuildPhase;
			buildActionMask = 2147483647;
			files = (
				85AA675929F2ECE10054E2CE /* main.cpp in Sources */,
				85AA675629F2ECE10054E2CE /* shared.cpp in Sources */,
			);
			runOnlyForDeploymentPostprocessing = 0;
		};
/* End PBXSourcesBuildPhase section */

/* Begin XCBuildConfiguration section */
		85AA667B29F2B9430054E2CE /* Debug */ = {
			isa = XCBuildConfiguration;
			buildSettings = {
				ALWAYS_SEARCH_USER_PATHS = NO;
				ASSETCATALOG_COMPILER_APPICON_NAME = AppIcon;
				ASSETCATALOG_COMPILER_GLOBAL_ACCENT_COLOR_NAME = AccentColor;
				ASSETCATALOG_COMPILER_INCLUDE_ALL_APPICON_ASSETS = NO;
				CLANG_ANALYZER_NONNULL = YES;
				CLANG_ANALYZER_NUMBER_OBJECT_CONVERSION = YES_AGGRESSIVE;
				CLANG_CXX_LANGUAGE_STANDARD = "gnu++20";
				CLANG_ENABLE_MODULES = YES;
				CLANG_ENABLE_OBJC_ARC = YES;
				CLANG_ENABLE_OBJC_WEAK = YES;
				CLANG_WARN_BLOCK_CAPTURE_AUTORELEASING = YES;
				CLANG_WARN_BOOL_CONVERSION = YES;
				CLANG_WARN_COMMA = YES;
				CLANG_WARN_CONSTANT_CONVERSION = YES;
				CLANG_WARN_DEPRECATED_OBJC_IMPLEMENTATIONS = YES;
				CLANG_WARN_DIRECT_OBJC_ISA_USAGE = YES_ERROR;
				CLANG_WARN_DOCUMENTATION_COMMENTS = YES;
				CLANG_WARN_EMPTY_BODY = YES;
				CLANG_WARN_ENUM_CONVERSION = YES;
				CLANG_WARN_INFINITE_RECURSION = YES;
				CLANG_WARN_INT_CONVERSION = YES;
				CLANG_WARN_NON_LITERAL_NULL_CONVERSION = YES;
				CLANG_WARN_OBJC_IMPLICIT_RETAIN_SELF = YES;
				CLANG_WARN_OBJC_LITERAL_CONVERSION = YES;
				CLANG_WARN_OBJC_ROOT_CLASS = YES_ERROR;
				CLANG_WARN_QUOTED_INCLUDE_IN_FRAMEWORK_HEADER = YES;
				CLANG_WARN_RANGE_LOOP_ANALYSIS = YES;
				CLANG_WARN_STRICT_PROTOTYPES = YES;
				CLANG_WARN_SUSPICIOUS_MOVE = YES;
				CLANG_WARN_UNGUARDED_AVAILABILITY = YES_AGGRESSIVE;
				CLANG_WARN_UNREACHABLE_CODE = YES;
				CLANG_WARN__DUPLICATE_METHOD_MATCH = YES;
				CODE_SIGN_STYLE = Automatic;
				COPY_PHASE_STRIP = NO;
				CURRENT_PROJECT_VERSION = 1;
				DEVELOPMENT_TEAM = 9ELVK5QPKF;
				ENABLE_STRICT_OBJC_MSGSEND = YES;
				ENABLE_TESTABILITY = YES;
				GCC_C_LANGUAGE_STANDARD = gnu11;
				GCC_DYNAMIC_NO_PIC = NO;
				GCC_NO_COMMON_BLOCKS = YES;
				GCC_PREPROCESSOR_DEFINITIONS = (
					"DEBUG=1",
					"$(inherited)",
					"IOSBUILD=1",
				);
				GCC_WARN_64_TO_32_BIT_CONVERSION = YES;
				GCC_WARN_ABOUT_RETURN_TYPE = YES_ERROR;
				GCC_WARN_UNDECLARED_SELECTOR = YES;
				GCC_WARN_UNINITIALIZED_AUTOS = YES_AGGRESSIVE;
				GCC_WARN_UNUSED_FUNCTION = YES;
				GCC_WARN_UNUSED_VARIABLE = YES;
				GENERATE_INFOPLIST_FILE = YES;
				HEADER_SEARCH_PATHS = (
					../libs/SDL/include,
					"\"$(SRCROOT)/../libs/SDL_mixer/include\"",
					"\"$(SRCROOT)/../libs/SDL2_ttf\"",
				);
				INFOPLIST_KEY_CFBundleDisplayName = SharkShark;
				INFOPLIST_KEY_LSApplicationCategoryType = "public.app-category.action-games";
				INFOPLIST_KEY_UIApplicationSupportsIndirectInputEvents = YES;
				INFOPLIST_KEY_UILaunchStoryboardName = "iOS Launch Screen.storyboard";
				INFOPLIST_KEY_UIRequiredDeviceCapabilities = metal;
				INFOPLIST_KEY_UIStatusBarHidden = YES;
				INFOPLIST_KEY_UISupportedInterfaceOrientations_iPad = "UIInterfaceOrientationPortrait UIInterfaceOrientationPortraitUpsideDown UIInterfaceOrientationLandscapeLeft UIInterfaceOrientationLandscapeRight";
				INFOPLIST_KEY_UISupportedInterfaceOrientations_iPhone = "UIInterfaceOrientationPortrait UIInterfaceOrientationLandscapeLeft UIInterfaceOrientationLandscapeRight";
				IPHONEOS_DEPLOYMENT_TARGET = 16.3;
				LD_RUNPATH_SEARCH_PATHS = "$(inherited) @executable_path/Frameworks";
				MARKETING_VERSION = 1.0;
				MTL_ENABLE_DEBUG_INFO = INCLUDE_SOURCE;
				MTL_FAST_MATH = YES;
				PRODUCT_BUNDLE_IDENTIFIER = com.nas.SharkShark;
				PRODUCT_NAME = "$(TARGET_NAME)";
				SWIFT_EMIT_LOC_STRINGS = YES;
				TARGETED_DEVICE_FAMILY = "1,2";
				USER_HEADER_SEARCH_PATHS = "\"$(SRCROOT)/../libs/SDL/include\" \"$(SRCROOT)/../libs/SDL_ttf\" \"$(SRCROOT)/../libs/SDL_mixer/include\"";
			};
			name = Debug;
		};
		85AA667C29F2B9430054E2CE /* Release */ = {
			isa = XCBuildConfiguration;
			buildSettings = {
				ALWAYS_SEARCH_USER_PATHS = NO;
				ASSETCATALOG_COMPILER_APPICON_NAME = AppIcon;
				ASSETCATALOG_COMPILER_GLOBAL_ACCENT_COLOR_NAME = AccentColor;
				ASSETCATALOG_COMPILER_INCLUDE_ALL_APPICON_ASSETS = NO;
				CLANG_ANALYZER_NONNULL = YES;
				CLANG_ANALYZER_NUMBER_OBJECT_CONVERSION = YES_AGGRESSIVE;
				CLANG_CXX_LANGUAGE_STANDARD = "gnu++20";
				CLANG_ENABLE_MODULES = YES;
				CLANG_ENABLE_OBJC_ARC = YES;
				CLANG_ENABLE_OBJC_WEAK = YES;
				CLANG_WARN_BLOCK_CAPTURE_AUTORELEASING = YES;
				CLANG_WARN_BOOL_CONVERSION = YES;
				CLANG_WARN_COMMA = YES;
				CLANG_WARN_CONSTANT_CONVERSION = YES;
				CLANG_WARN_DEPRECATED_OBJC_IMPLEMENTATIONS = YES;
				CLANG_WARN_DIRECT_OBJC_ISA_USAGE = YES_ERROR;
				CLANG_WARN_DOCUMENTATION_COMMENTS = YES;
				CLANG_WARN_EMPTY_BODY = YES;
				CLANG_WARN_ENUM_CONVERSION = YES;
				CLANG_WARN_INFINITE_RECURSION = YES;
				CLANG_WARN_INT_CONVERSION = YES;
				CLANG_WARN_NON_LITERAL_NULL_CONVERSION = YES;
				CLANG_WARN_OBJC_IMPLICIT_RETAIN_SELF = YES;
				CLANG_WARN_OBJC_LITERAL_CONVERSION = YES;
				CLANG_WARN_OBJC_ROOT_CLASS = YES_ERROR;
				CLANG_WARN_QUOTED_INCLUDE_IN_FRAMEWORK_HEADER = YES;
				CLANG_WARN_RANGE_LOOP_ANALYSIS = YES;
				CLANG_WARN_STRICT_PROTOTYPES = YES;
				CLANG_WARN_SUSPICIOUS_MOVE = YES;
				CLANG_WARN_UNGUARDED_AVAILABILITY = YES_AGGRESSIVE;
				CLANG_WARN_UNREACHABLE_CODE = YES;
				CLANG_WARN__DUPLICATE_METHOD_MATCH = YES;
				CODE_SIGN_STYLE = Automatic;
				COPY_PHASE_STRIP = NO;
				CURRENT_PROJECT_VERSION = 1;
				DEBUG_INFORMATION_FORMAT = "dwarf-with-dsym";
				DEVELOPMENT_TEAM = 9ELVK5QPKF;
				ENABLE_NS_ASSERTIONS = NO;
				ENABLE_STRICT_OBJC_MSGSEND = YES;
				GCC_C_LANGUAGE_STANDARD = gnu11;
				GCC_NO_COMMON_BLOCKS = YES;
				GCC_WARN_64_TO_32_BIT_CONVERSION = YES;
				GCC_WARN_ABOUT_RETURN_TYPE = YES_ERROR;
				GCC_WARN_UNDECLARED_SELECTOR = YES;
				GCC_WARN_UNINITIALIZED_AUTOS = YES_AGGRESSIVE;
				GCC_WARN_UNUSED_FUNCTION = YES;
				GCC_WARN_UNUSED_VARIABLE = YES;
				GENERATE_INFOPLIST_FILE = YES;
				INFOPLIST_KEY_CFBundleDisplayName = SharkShark;
				INFOPLIST_KEY_LSApplicationCategoryType = "public.app-category.action-games";
				INFOPLIST_KEY_UIApplicationSupportsIndirectInputEvents = YES;
				INFOPLIST_KEY_UILaunchStoryboardName = "iOS Launch Screen.storyboard";
				INFOPLIST_KEY_UIRequiredDeviceCapabilities = metal;
				INFOPLIST_KEY_UIStatusBarHidden = YES;
				INFOPLIST_KEY_UISupportedInterfaceOrientations_iPad = "UIInterfaceOrientationPortrait UIInterfaceOrientationPortraitUpsideDown UIInterfaceOrientationLandscapeLeft UIInterfaceOrientationLandscapeRight";
				INFOPLIST_KEY_UISupportedInterfaceOrientations_iPhone = "UIInterfaceOrientationPortrait UIInterfaceOrientationLandscapeLeft UIInterfaceOrientationLandscapeRight";
				IPHONEOS_DEPLOYMENT_TARGET = 16.3;
				LD_RUNPATH_SEARCH_PATHS = "$(inherited) @executable_path/Frameworks";
				MARKETING_VERSION = 1.0;
				MTL_ENABLE_DEBUG_INFO = NO;
				MTL_FAST_MATH = YES;
				PRODUCT_BUNDLE_IDENTIFIER = com.nas.SharkShark;
				PRODUCT_NAME = "$(TARGET_NAME)";
				SWIFT_EMIT_LOC_STRINGS = YES;
				TARGETED_DEVICE_FAMILY = "1,2";
				VALIDATE_PRODUCT = YES;
			};
			name = Release;
		};
		C01FCF4F08A954540054247B /* Debug */ = {
			isa = XCBuildConfiguration;
			baseConfigurationReference = F3C17D9F28E437C300E1A26D /* config.xcconfig */;
			buildSettings = {
				"CODE_SIGN_IDENTITY[sdk=iphoneos*]" = "iPhone Developer";
				CURRENT_PROJECT_VERSION = 1;
				DEBUG_INFORMATION_FORMAT = dwarf;
				GCC_OPTIMIZATION_LEVEL = 0;
				GCC_SYMBOLS_PRIVATE_EXTERN = YES;
				GENERATE_INFOPLIST_FILE = YES;
				HEADER_SEARCH_PATHS = (
					"\"$(SRCROOT)/../../../SDL_mixer/include\"",
					"\"$(SRCROOT)/../../../SDL2_ttf\"",
					../../include,
				);
				INFOPLIST_KEY_UIApplicationSupportsIndirectInputEvents = YES;
				IPHONEOS_DEPLOYMENT_TARGET = 9.0;
				LD_RUNPATH_SEARCH_PATHS = "@executable_path/Frameworks";
				MARKETING_VERSION = 1.0;
				ONLY_ACTIVE_ARCH = YES;
				OTHER_LDFLAGS = "$(CONFIG_FRAMEWORK_LDFLAGS)";
				PRODUCT_BUNDLE_IDENTIFIER = "org.libsdl.$(PRODUCT_NAME)";
				SDKROOT = iphoneos;
				TVOS_DEPLOYMENT_TARGET = 9.0;
				USER_HEADER_SEARCH_PATHS = "\"$(SRCROOT)/../../../SDL2_ttf\" \"$(SRCROOT)/../../../SDL_mixer/include\"";
			};
			name = Debug;
		};
		C01FCF5008A954540054247B /* Release */ = {
			isa = XCBuildConfiguration;
			baseConfigurationReference = F3C17D9F28E437C300E1A26D /* config.xcconfig */;
			buildSettings = {
				"CODE_SIGN_IDENTITY[sdk=iphoneos*]" = "iPhone Developer";
				CURRENT_PROJECT_VERSION = 1;
				GCC_SYMBOLS_PRIVATE_EXTERN = YES;
				GENERATE_INFOPLIST_FILE = YES;
				HEADER_SEARCH_PATHS = (
					../../include,
					../../../SDL_mixer/include,
					../../../SDL2_ttf,
				);
				INFOPLIST_KEY_UIApplicationSupportsIndirectInputEvents = YES;
				IPHONEOS_DEPLOYMENT_TARGET = 9.0;
				LD_RUNPATH_SEARCH_PATHS = "@executable_path/Frameworks";
				MARKETING_VERSION = 1.0;
				OTHER_LDFLAGS = "$(CONFIG_FRAMEWORK_LDFLAGS)";
				PRODUCT_BUNDLE_IDENTIFIER = "org.libsdl.$(PRODUCT_NAME)";
				SDKROOT = iphoneos;
				TVOS_DEPLOYMENT_TARGET = 9.0;
			};
			name = Release;
		};
/* End XCBuildConfiguration section */

/* Begin XCConfigurationList section */
		85AA667A29F2B9430054E2CE /* Build configuration list for PBXNativeTarget "SharkShark" */ = {
			isa = XCConfigurationList;
			buildConfigurations = (
				85AA667B29F2B9430054E2CE /* Debug */,
				85AA667C29F2B9430054E2CE /* Release */,
			);
			defaultConfigurationIsVisible = 0;
			defaultConfigurationName = Release;
		};
		C01FCF4E08A954540054247B /* Build configuration list for PBXProject "project" */ = {
			isa = XCConfigurationList;
			buildConfigurations = (
				C01FCF4F08A954540054247B /* Debug */,
				C01FCF5008A954540054247B /* Release */,
			);
			defaultConfigurationIsVisible = 0;
			defaultConfigurationName = Release;
		};
/* End XCConfigurationList section */
	};
	rootObject = 29B97313FDCFA39411CA2CEA /* Project object */;
}
